# THIS IS AN AUTOGENERATED FILE. DO NOT EDIT THIS FILE DIRECTLY.
# yarn lockfile v1


"@actions/core@^1.3.0":
  version "1.3.0"
  resolved "https://registry.npmjs.org/@actions/core/-/core-1.3.0.tgz"

"@actions/github@^5.0.0":
  version "5.0.0"
  resolved "https://registry.npmjs.org/@actions/github/-/github-5.0.0.tgz"
  dependencies:
    "@actions/http-client" "^1.0.11"
    "@octokit/core" "^3.4.0"
    "@octokit/plugin-paginate-rest" "^2.13.3"
    "@octokit/plugin-rest-endpoint-methods" "^5.1.1"

"@actions/http-client@^1.0.11":
  version "1.0.11"
  resolved "https://registry.npmjs.org/@actions/http-client/-/http-client-1.0.11.tgz"
  dependencies:
    tunnel "0.0.6"

"@aws-crypto/ie11-detection@^1.0.0":
  version "1.0.0"
  resolved "https://registry.npmjs.org/@aws-crypto/ie11-detection/-/ie11-detection-1.0.0.tgz"
  dependencies:
    tslib "^1.11.1"

"@aws-crypto/sha256-browser@^1.0.0":
  version "1.1.0"
  resolved "https://registry.npmjs.org/@aws-crypto/sha256-browser/-/sha256-browser-1.1.0.tgz"
  dependencies:
    "@aws-crypto/ie11-detection" "^1.0.0"
    "@aws-crypto/sha256-js" "^1.1.0"
    "@aws-crypto/supports-web-crypto" "^1.0.0"
    "@aws-sdk/types" "^3.1.0"
    "@aws-sdk/util-locate-window" "^3.0.0"
    "@aws-sdk/util-utf8-browser" "^3.0.0"
    tslib "^1.11.1"

"@aws-crypto/sha256-js@^1.0.0", "@aws-crypto/sha256-js@^1.1.0":
  version "1.1.0"
  resolved "https://registry.npmjs.org/@aws-crypto/sha256-js/-/sha256-js-1.1.0.tgz"
  dependencies:
    "@aws-sdk/types" "^3.1.0"
    "@aws-sdk/util-utf8-browser" "^3.0.0"
    tslib "^1.11.1"

"@aws-crypto/supports-web-crypto@^1.0.0":
  version "1.0.0"
  resolved "https://registry.npmjs.org/@aws-crypto/supports-web-crypto/-/supports-web-crypto-1.0.0.tgz"
  dependencies:
    tslib "^1.11.1"

"@aws-sdk/abort-controller@3.13.1":
  version "3.13.1"
  resolved "https://registry.npmjs.org/@aws-sdk/abort-controller/-/abort-controller-3.13.1.tgz"
  dependencies:
    "@aws-sdk/types" "3.13.1"
    tslib "^2.0.0"

"@aws-sdk/client-ecr@^3.13.1":
  version "3.13.1"
  resolved "https://registry.npmjs.org/@aws-sdk/client-ecr/-/client-ecr-3.13.1.tgz"
  dependencies:
    "@aws-crypto/sha256-browser" "^1.0.0"
    "@aws-crypto/sha256-js" "^1.0.0"
    "@aws-sdk/client-sts" "3.13.1"
    "@aws-sdk/config-resolver" "3.13.1"
    "@aws-sdk/credential-provider-node" "3.13.1"
    "@aws-sdk/fetch-http-handler" "3.13.1"
    "@aws-sdk/hash-node" "3.13.1"
    "@aws-sdk/invalid-dependency" "3.13.1"
    "@aws-sdk/middleware-content-length" "3.13.1"
    "@aws-sdk/middleware-host-header" "3.13.1"
    "@aws-sdk/middleware-logger" "3.13.1"
    "@aws-sdk/middleware-retry" "3.13.1"
    "@aws-sdk/middleware-serde" "3.13.1"
    "@aws-sdk/middleware-signing" "3.13.1"
    "@aws-sdk/middleware-stack" "3.13.1"
    "@aws-sdk/middleware-user-agent" "3.13.1"
    "@aws-sdk/node-config-provider" "3.13.1"
    "@aws-sdk/node-http-handler" "3.13.1"
    "@aws-sdk/protocol-http" "3.13.1"
    "@aws-sdk/smithy-client" "3.13.1"
    "@aws-sdk/types" "3.13.1"
    "@aws-sdk/url-parser" "3.13.1"
    "@aws-sdk/util-base64-browser" "3.13.1"
    "@aws-sdk/util-base64-node" "3.13.1"
    "@aws-sdk/util-body-length-browser" "3.13.1"
    "@aws-sdk/util-body-length-node" "3.13.1"
    "@aws-sdk/util-user-agent-browser" "3.13.1"
    "@aws-sdk/util-user-agent-node" "3.13.1"
    "@aws-sdk/util-utf8-browser" "3.13.1"
    "@aws-sdk/util-utf8-node" "3.13.1"
    "@aws-sdk/util-waiter" "3.13.1"
    tslib "^2.0.0"

"@aws-sdk/client-sso@3.13.1":
  version "3.13.1"
  resolved "https://registry.npmjs.org/@aws-sdk/client-sso/-/client-sso-3.13.1.tgz"
  dependencies:
    "@aws-crypto/sha256-browser" "^1.0.0"
    "@aws-crypto/sha256-js" "^1.0.0"
    "@aws-sdk/config-resolver" "3.13.1"
    "@aws-sdk/fetch-http-handler" "3.13.1"
    "@aws-sdk/hash-node" "3.13.1"
    "@aws-sdk/invalid-dependency" "3.13.1"
    "@aws-sdk/middleware-content-length" "3.13.1"
    "@aws-sdk/middleware-host-header" "3.13.1"
    "@aws-sdk/middleware-logger" "3.13.1"
    "@aws-sdk/middleware-retry" "3.13.1"
    "@aws-sdk/middleware-serde" "3.13.1"
    "@aws-sdk/middleware-stack" "3.13.1"
    "@aws-sdk/middleware-user-agent" "3.13.1"
    "@aws-sdk/node-config-provider" "3.13.1"
    "@aws-sdk/node-http-handler" "3.13.1"
    "@aws-sdk/protocol-http" "3.13.1"
    "@aws-sdk/smithy-client" "3.13.1"
    "@aws-sdk/types" "3.13.1"
    "@aws-sdk/url-parser" "3.13.1"
    "@aws-sdk/util-base64-browser" "3.13.1"
    "@aws-sdk/util-base64-node" "3.13.1"
    "@aws-sdk/util-body-length-browser" "3.13.1"
    "@aws-sdk/util-body-length-node" "3.13.1"
    "@aws-sdk/util-user-agent-browser" "3.13.1"
    "@aws-sdk/util-user-agent-node" "3.13.1"
    "@aws-sdk/util-utf8-browser" "3.13.1"
    "@aws-sdk/util-utf8-node" "3.13.1"
    tslib "^2.0.0"

"@aws-sdk/client-sts@3.13.1":
  version "3.13.1"
  resolved "https://registry.npmjs.org/@aws-sdk/client-sts/-/client-sts-3.13.1.tgz"
  dependencies:
    "@aws-crypto/sha256-browser" "^1.0.0"
    "@aws-crypto/sha256-js" "^1.0.0"
    "@aws-sdk/config-resolver" "3.13.1"
    "@aws-sdk/credential-provider-node" "3.13.1"
    "@aws-sdk/fetch-http-handler" "3.13.1"
    "@aws-sdk/hash-node" "3.13.1"
    "@aws-sdk/invalid-dependency" "3.13.1"
    "@aws-sdk/middleware-content-length" "3.13.1"
    "@aws-sdk/middleware-host-header" "3.13.1"
    "@aws-sdk/middleware-logger" "3.13.1"
    "@aws-sdk/middleware-retry" "3.13.1"
    "@aws-sdk/middleware-sdk-sts" "3.13.1"
    "@aws-sdk/middleware-serde" "3.13.1"
    "@aws-sdk/middleware-signing" "3.13.1"
    "@aws-sdk/middleware-stack" "3.13.1"
    "@aws-sdk/middleware-user-agent" "3.13.1"
    "@aws-sdk/node-config-provider" "3.13.1"
    "@aws-sdk/node-http-handler" "3.13.1"
    "@aws-sdk/protocol-http" "3.13.1"
    "@aws-sdk/smithy-client" "3.13.1"
    "@aws-sdk/types" "3.13.1"
    "@aws-sdk/url-parser" "3.13.1"
    "@aws-sdk/util-base64-browser" "3.13.1"
    "@aws-sdk/util-base64-node" "3.13.1"
    "@aws-sdk/util-body-length-browser" "3.13.1"
    "@aws-sdk/util-body-length-node" "3.13.1"
    "@aws-sdk/util-user-agent-browser" "3.13.1"
    "@aws-sdk/util-user-agent-node" "3.13.1"
    "@aws-sdk/util-utf8-browser" "3.13.1"
    "@aws-sdk/util-utf8-node" "3.13.1"
    fast-xml-parser "3.19.0"
    tslib "^2.0.0"

"@aws-sdk/config-resolver@3.13.1":
  version "3.13.1"
  resolved "https://registry.npmjs.org/@aws-sdk/config-resolver/-/config-resolver-3.13.1.tgz"
  dependencies:
    "@aws-sdk/signature-v4" "3.13.1"
    "@aws-sdk/types" "3.13.1"
    tslib "^2.0.0"

"@aws-sdk/credential-provider-env@3.13.1":
  version "3.13.1"
  resolved "https://registry.npmjs.org/@aws-sdk/credential-provider-env/-/credential-provider-env-3.13.1.tgz"
  dependencies:
    "@aws-sdk/property-provider" "3.13.1"
    "@aws-sdk/types" "3.13.1"
    tslib "^2.0.0"

"@aws-sdk/credential-provider-imds@3.13.1":
  version "3.13.1"
  resolved "https://registry.npmjs.org/@aws-sdk/credential-provider-imds/-/credential-provider-imds-3.13.1.tgz"
  dependencies:
    "@aws-sdk/property-provider" "3.13.1"
    "@aws-sdk/types" "3.13.1"
    tslib "^2.0.0"

"@aws-sdk/credential-provider-ini@3.13.1":
  version "3.13.1"
  resolved "https://registry.npmjs.org/@aws-sdk/credential-provider-ini/-/credential-provider-ini-3.13.1.tgz"
  dependencies:
    "@aws-sdk/credential-provider-env" "3.13.1"
    "@aws-sdk/credential-provider-imds" "3.13.1"
    "@aws-sdk/credential-provider-web-identity" "3.13.1"
    "@aws-sdk/property-provider" "3.13.1"
    "@aws-sdk/shared-ini-file-loader" "3.13.1"
    "@aws-sdk/types" "3.13.1"
    tslib "^2.0.0"

"@aws-sdk/credential-provider-node@3.13.1":
  version "3.13.1"
  resolved "https://registry.npmjs.org/@aws-sdk/credential-provider-node/-/credential-provider-node-3.13.1.tgz"
  dependencies:
    "@aws-sdk/credential-provider-env" "3.13.1"
    "@aws-sdk/credential-provider-imds" "3.13.1"
    "@aws-sdk/credential-provider-ini" "3.13.1"
    "@aws-sdk/credential-provider-process" "3.13.1"
    "@aws-sdk/credential-provider-sso" "3.13.1"
    "@aws-sdk/property-provider" "3.13.1"
    "@aws-sdk/shared-ini-file-loader" "3.13.1"
    "@aws-sdk/types" "3.13.1"
    tslib "^2.0.0"

"@aws-sdk/credential-provider-process@3.13.1":
  version "3.13.1"
  resolved "https://registry.npmjs.org/@aws-sdk/credential-provider-process/-/credential-provider-process-3.13.1.tgz"
  dependencies:
    "@aws-sdk/credential-provider-ini" "3.13.1"
    "@aws-sdk/property-provider" "3.13.1"
    "@aws-sdk/shared-ini-file-loader" "3.13.1"
    "@aws-sdk/types" "3.13.1"
    tslib "^2.0.0"

"@aws-sdk/credential-provider-sso@3.13.1":
  version "3.13.1"
  resolved "https://registry.npmjs.org/@aws-sdk/credential-provider-sso/-/credential-provider-sso-3.13.1.tgz"
  dependencies:
    "@aws-sdk/client-sso" "3.13.1"
    "@aws-sdk/credential-provider-ini" "3.13.1"
    "@aws-sdk/property-provider" "3.13.1"
    "@aws-sdk/shared-ini-file-loader" "3.13.1"
    "@aws-sdk/types" "3.13.1"
    tslib "^2.0.0"

"@aws-sdk/credential-provider-web-identity@3.13.1":
  version "3.13.1"
  resolved "https://registry.npmjs.org/@aws-sdk/credential-provider-web-identity/-/credential-provider-web-identity-3.13.1.tgz"
  dependencies:
    "@aws-sdk/property-provider" "3.13.1"
    "@aws-sdk/types" "3.13.1"
    tslib "^2.0.0"

"@aws-sdk/fetch-http-handler@3.13.1":
  version "3.13.1"
  resolved "https://registry.npmjs.org/@aws-sdk/fetch-http-handler/-/fetch-http-handler-3.13.1.tgz"
  dependencies:
    "@aws-sdk/protocol-http" "3.13.1"
    "@aws-sdk/querystring-builder" "3.13.1"
    "@aws-sdk/types" "3.13.1"
    "@aws-sdk/util-base64-browser" "3.13.1"
    tslib "^2.0.0"

"@aws-sdk/hash-node@3.13.1":
  version "3.13.1"
  resolved "https://registry.npmjs.org/@aws-sdk/hash-node/-/hash-node-3.13.1.tgz"
  dependencies:
    "@aws-sdk/types" "3.13.1"
    "@aws-sdk/util-buffer-from" "3.13.1"
    tslib "^2.0.0"

"@aws-sdk/invalid-dependency@3.13.1":
  version "3.13.1"
  resolved "https://registry.npmjs.org/@aws-sdk/invalid-dependency/-/invalid-dependency-3.13.1.tgz"
  dependencies:
    "@aws-sdk/types" "3.13.1"
    tslib "^2.0.0"

"@aws-sdk/is-array-buffer@3.13.1":
  version "3.13.1"
  resolved "https://registry.npmjs.org/@aws-sdk/is-array-buffer/-/is-array-buffer-3.13.1.tgz"
  dependencies:
    tslib "^2.0.0"

"@aws-sdk/middleware-content-length@3.13.1":
  version "3.13.1"
  resolved "https://registry.npmjs.org/@aws-sdk/middleware-content-length/-/middleware-content-length-3.13.1.tgz"
  dependencies:
    "@aws-sdk/protocol-http" "3.13.1"
    "@aws-sdk/types" "3.13.1"
    tslib "^2.0.0"

"@aws-sdk/middleware-host-header@3.13.1":
  version "3.13.1"
  resolved "https://registry.npmjs.org/@aws-sdk/middleware-host-header/-/middleware-host-header-3.13.1.tgz"
  dependencies:
    "@aws-sdk/protocol-http" "3.13.1"
    "@aws-sdk/types" "3.13.1"
    tslib "^2.0.0"

"@aws-sdk/middleware-logger@3.13.1":
  version "3.13.1"
  resolved "https://registry.npmjs.org/@aws-sdk/middleware-logger/-/middleware-logger-3.13.1.tgz"
  dependencies:
    "@aws-sdk/types" "3.13.1"
    tslib "^2.0.0"

"@aws-sdk/middleware-retry@3.13.1":
  version "3.13.1"
  resolved "https://registry.npmjs.org/@aws-sdk/middleware-retry/-/middleware-retry-3.13.1.tgz"
  dependencies:
    "@aws-sdk/protocol-http" "3.13.1"
    "@aws-sdk/service-error-classification" "3.13.1"
    "@aws-sdk/types" "3.13.1"
    tslib "^2.0.0"
    uuid "^8.3.2"

"@aws-sdk/middleware-sdk-sts@3.13.1":
  version "3.13.1"
  resolved "https://registry.npmjs.org/@aws-sdk/middleware-sdk-sts/-/middleware-sdk-sts-3.13.1.tgz"
  dependencies:
    "@aws-sdk/middleware-signing" "3.13.1"
    "@aws-sdk/property-provider" "3.13.1"
    "@aws-sdk/protocol-http" "3.13.1"
    "@aws-sdk/signature-v4" "3.13.1"
    "@aws-sdk/types" "3.13.1"
    tslib "^2.0.0"

"@aws-sdk/middleware-serde@3.13.1":
  version "3.13.1"
  resolved "https://registry.npmjs.org/@aws-sdk/middleware-serde/-/middleware-serde-3.13.1.tgz"
  dependencies:
    "@aws-sdk/types" "3.13.1"
    tslib "^2.0.0"

"@aws-sdk/middleware-signing@3.13.1":
  version "3.13.1"
  resolved "https://registry.npmjs.org/@aws-sdk/middleware-signing/-/middleware-signing-3.13.1.tgz"
  dependencies:
    "@aws-sdk/property-provider" "3.13.1"
    "@aws-sdk/protocol-http" "3.13.1"
    "@aws-sdk/signature-v4" "3.13.1"
    "@aws-sdk/types" "3.13.1"
    tslib "^2.0.0"

"@aws-sdk/middleware-stack@3.13.1":
  version "3.13.1"
  resolved "https://registry.npmjs.org/@aws-sdk/middleware-stack/-/middleware-stack-3.13.1.tgz"
  dependencies:
    tslib "^2.0.0"

"@aws-sdk/middleware-user-agent@3.13.1":
  version "3.13.1"
  resolved "https://registry.npmjs.org/@aws-sdk/middleware-user-agent/-/middleware-user-agent-3.13.1.tgz"
  dependencies:
    "@aws-sdk/protocol-http" "3.13.1"
    "@aws-sdk/types" "3.13.1"
    tslib "^2.0.0"

"@aws-sdk/node-config-provider@3.13.1":
  version "3.13.1"
  resolved "https://registry.npmjs.org/@aws-sdk/node-config-provider/-/node-config-provider-3.13.1.tgz"
  dependencies:
    "@aws-sdk/property-provider" "3.13.1"
    "@aws-sdk/shared-ini-file-loader" "3.13.1"
    "@aws-sdk/types" "3.13.1"
    tslib "^2.0.0"

"@aws-sdk/node-http-handler@3.13.1":
  version "3.13.1"
  resolved "https://registry.npmjs.org/@aws-sdk/node-http-handler/-/node-http-handler-3.13.1.tgz"
  dependencies:
    "@aws-sdk/abort-controller" "3.13.1"
    "@aws-sdk/protocol-http" "3.13.1"
    "@aws-sdk/querystring-builder" "3.13.1"
    "@aws-sdk/types" "3.13.1"
    tslib "^2.0.0"

"@aws-sdk/property-provider@3.13.1":
  version "3.13.1"
  resolved "https://registry.npmjs.org/@aws-sdk/property-provider/-/property-provider-3.13.1.tgz"
  dependencies:
    "@aws-sdk/types" "3.13.1"
    tslib "^2.0.0"

"@aws-sdk/protocol-http@3.13.1":
  version "3.13.1"
  resolved "https://registry.npmjs.org/@aws-sdk/protocol-http/-/protocol-http-3.13.1.tgz"
  dependencies:
    "@aws-sdk/types" "3.13.1"
    tslib "^2.0.0"

"@aws-sdk/querystring-builder@3.13.1":
  version "3.13.1"
  resolved "https://registry.npmjs.org/@aws-sdk/querystring-builder/-/querystring-builder-3.13.1.tgz"
  dependencies:
    "@aws-sdk/types" "3.13.1"
    "@aws-sdk/util-uri-escape" "3.13.1"
    tslib "^2.0.0"

"@aws-sdk/querystring-parser@3.13.1":
  version "3.13.1"
  resolved "https://registry.npmjs.org/@aws-sdk/querystring-parser/-/querystring-parser-3.13.1.tgz"
  dependencies:
    "@aws-sdk/types" "3.13.1"
    tslib "^2.0.0"

"@aws-sdk/service-error-classification@3.13.1":
  version "3.13.1"
  resolved "https://registry.npmjs.org/@aws-sdk/service-error-classification/-/service-error-classification-3.13.1.tgz"

"@aws-sdk/shared-ini-file-loader@3.13.1":
  version "3.13.1"
  resolved "https://registry.npmjs.org/@aws-sdk/shared-ini-file-loader/-/shared-ini-file-loader-3.13.1.tgz"
  dependencies:
    tslib "^2.0.0"

"@aws-sdk/signature-v4@3.13.1":
  version "3.13.1"
  resolved "https://registry.npmjs.org/@aws-sdk/signature-v4/-/signature-v4-3.13.1.tgz"
  dependencies:
    "@aws-sdk/is-array-buffer" "3.13.1"
    "@aws-sdk/types" "3.13.1"
    "@aws-sdk/util-hex-encoding" "3.13.1"
    "@aws-sdk/util-uri-escape" "3.13.1"
    tslib "^2.0.0"

"@aws-sdk/smithy-client@3.13.1":
  version "3.13.1"
  resolved "https://registry.npmjs.org/@aws-sdk/smithy-client/-/smithy-client-3.13.1.tgz"
  dependencies:
    "@aws-sdk/middleware-stack" "3.13.1"
    "@aws-sdk/types" "3.13.1"
    tslib "^2.0.0"

"@aws-sdk/types@3.13.1", "@aws-sdk/types@^3.1.0":
  version "3.13.1"
  resolved "https://registry.npmjs.org/@aws-sdk/types/-/types-3.13.1.tgz"

"@aws-sdk/url-parser@3.13.1":
  version "3.13.1"
  resolved "https://registry.npmjs.org/@aws-sdk/url-parser/-/url-parser-3.13.1.tgz"
  dependencies:
    "@aws-sdk/querystring-parser" "3.13.1"
    "@aws-sdk/types" "3.13.1"
    tslib "^2.0.0"

"@aws-sdk/util-base64-browser@3.13.1":
  version "3.13.1"
  resolved "https://registry.npmjs.org/@aws-sdk/util-base64-browser/-/util-base64-browser-3.13.1.tgz"
  dependencies:
    tslib "^2.0.0"

"@aws-sdk/util-base64-node@3.13.1":
  version "3.13.1"
  resolved "https://registry.npmjs.org/@aws-sdk/util-base64-node/-/util-base64-node-3.13.1.tgz"
  dependencies:
    "@aws-sdk/util-buffer-from" "3.13.1"
    tslib "^2.0.0"

"@aws-sdk/util-body-length-browser@3.13.1":
  version "3.13.1"
  resolved "https://registry.npmjs.org/@aws-sdk/util-body-length-browser/-/util-body-length-browser-3.13.1.tgz"
  dependencies:
    tslib "^2.0.0"

"@aws-sdk/util-body-length-node@3.13.1":
  version "3.13.1"
  resolved "https://registry.npmjs.org/@aws-sdk/util-body-length-node/-/util-body-length-node-3.13.1.tgz"
  dependencies:
    tslib "^2.0.0"

"@aws-sdk/util-buffer-from@3.13.1":
  version "3.13.1"
  resolved "https://registry.npmjs.org/@aws-sdk/util-buffer-from/-/util-buffer-from-3.13.1.tgz"
  dependencies:
    "@aws-sdk/is-array-buffer" "3.13.1"
    tslib "^2.0.0"

"@aws-sdk/util-hex-encoding@3.13.1":
  version "3.13.1"
  resolved "https://registry.npmjs.org/@aws-sdk/util-hex-encoding/-/util-hex-encoding-3.13.1.tgz"
  dependencies:
    tslib "^2.0.0"

"@aws-sdk/util-locate-window@^3.0.0":
  version "3.13.1"
  resolved "https://registry.npmjs.org/@aws-sdk/util-locate-window/-/util-locate-window-3.13.1.tgz"
  dependencies:
    tslib "^2.0.0"

"@aws-sdk/util-uri-escape@3.13.1":
  version "3.13.1"
  resolved "https://registry.npmjs.org/@aws-sdk/util-uri-escape/-/util-uri-escape-3.13.1.tgz"
  dependencies:
    tslib "^2.0.0"

"@aws-sdk/util-user-agent-browser@3.13.1":
  version "3.13.1"
  resolved "https://registry.npmjs.org/@aws-sdk/util-user-agent-browser/-/util-user-agent-browser-3.13.1.tgz"
  dependencies:
    "@aws-sdk/types" "3.13.1"
    bowser "^2.11.0"
    tslib "^2.0.0"

"@aws-sdk/util-user-agent-node@3.13.1":
  version "3.13.1"
  resolved "https://registry.npmjs.org/@aws-sdk/util-user-agent-node/-/util-user-agent-node-3.13.1.tgz"
  dependencies:
    "@aws-sdk/node-config-provider" "3.13.1"
    "@aws-sdk/types" "3.13.1"
    tslib "^2.0.0"

"@aws-sdk/util-utf8-browser@3.13.1", "@aws-sdk/util-utf8-browser@^3.0.0":
  version "3.13.1"
  resolved "https://registry.npmjs.org/@aws-sdk/util-utf8-browser/-/util-utf8-browser-3.13.1.tgz"
  dependencies:
    tslib "^2.0.0"

"@aws-sdk/util-utf8-node@3.13.1":
  version "3.13.1"
  resolved "https://registry.npmjs.org/@aws-sdk/util-utf8-node/-/util-utf8-node-3.13.1.tgz"
  dependencies:
    "@aws-sdk/util-buffer-from" "3.13.1"
    tslib "^2.0.0"

"@aws-sdk/util-waiter@3.13.1":
  version "3.13.1"
  resolved "https://registry.npmjs.org/@aws-sdk/util-waiter/-/util-waiter-3.13.1.tgz"
  dependencies:
    "@aws-sdk/abort-controller" "3.13.1"
    "@aws-sdk/types" "3.13.1"
    tslib "^2.0.0"

"@octokit/auth-token@^2.4.4":
  version "2.4.5"
  resolved "https://registry.npmjs.org/@octokit/auth-token/-/auth-token-2.4.5.tgz"
  dependencies:
    "@octokit/types" "^6.0.3"

"@octokit/core@^3.4.0":
  version "3.4.0"
  resolved "https://registry.npmjs.org/@octokit/core/-/core-3.4.0.tgz"
  dependencies:
    "@octokit/auth-token" "^2.4.4"
    "@octokit/graphql" "^4.5.8"
    "@octokit/request" "^5.4.12"
    "@octokit/request-error" "^2.0.5"
    "@octokit/types" "^6.0.3"
    before-after-hook "^2.2.0"
    universal-user-agent "^6.0.0"

"@octokit/endpoint@^6.0.1":
  version "6.0.11"
  resolved "https://registry.npmjs.org/@octokit/endpoint/-/endpoint-6.0.11.tgz"
  dependencies:
    "@octokit/types" "^6.0.3"
    is-plain-object "^5.0.0"
    universal-user-agent "^6.0.0"

"@octokit/graphql@^4.5.8":
  version "4.6.2"
  resolved "https://registry.npmjs.org/@octokit/graphql/-/graphql-4.6.2.tgz"
  dependencies:
    "@octokit/request" "^5.3.0"
    "@octokit/types" "^6.0.3"
    universal-user-agent "^6.0.0"

"@octokit/openapi-types@^7.2.0":
  version "7.2.1"
  resolved "https://registry.npmjs.org/@octokit/openapi-types/-/openapi-types-7.2.1.tgz"

"@octokit/plugin-paginate-rest@^2.13.3":
  version "2.13.3"
  resolved "https://registry.npmjs.org/@octokit/plugin-paginate-rest/-/plugin-paginate-rest-2.13.3.tgz"
  dependencies:
    "@octokit/types" "^6.11.0"

"@octokit/plugin-rest-endpoint-methods@^5.1.1":
  version "5.3.0"
  resolved "https://registry.npmjs.org/@octokit/plugin-rest-endpoint-methods/-/plugin-rest-endpoint-methods-5.3.0.tgz"
  dependencies:
    "@octokit/types" "^6.16.0"
    deprecation "^2.3.1"

"@octokit/request-error@^2.0.0", "@octokit/request-error@^2.0.5":
  version "2.0.5"
  resolved "https://registry.npmjs.org/@octokit/request-error/-/request-error-2.0.5.tgz"
  dependencies:
    "@octokit/types" "^6.0.3"
    deprecation "^2.0.0"
    once "^1.4.0"

"@octokit/request@^5.3.0", "@octokit/request@^5.4.12":
  version "5.4.15"
  resolved "https://registry.npmjs.org/@octokit/request/-/request-5.4.15.tgz"
  dependencies:
    "@octokit/endpoint" "^6.0.1"
    "@octokit/request-error" "^2.0.0"
    "@octokit/types" "^6.7.1"
    is-plain-object "^5.0.0"
    node-fetch "^2.6.1"
    universal-user-agent "^6.0.0"

"@octokit/types@^6.0.3", "@octokit/types@^6.11.0", "@octokit/types@^6.16.0", "@octokit/types@^6.7.1":
  version "6.16.0"
  resolved "https://registry.npmjs.org/@octokit/types/-/types-6.16.0.tgz"
  dependencies:
    "@octokit/openapi-types" "^7.2.0"

"@vercel/ncc@^0.28.6":
  version "0.28.6"
  resolved "https://registry.npmjs.org/@vercel/ncc/-/ncc-0.28.6.tgz"

argparse@^2.0.1:
  version "2.0.1"
  resolved "https://registry.yarnpkg.com/argparse/-/argparse-2.0.1.tgz#246f50f3ca78a3240f6c997e8a9bd1eac49e4b38"
  integrity sha512-8+9WqebbFzpX9OR+Wa6O29asIogeRMzcGtAINdpMHHyAg10f05aSFVBbcEqGf/PXw1EjAZ+q2/bEBg3DvurK3Q==

axios@^0.21.2:
  version "0.21.2"
  resolved "https://registry.yarnpkg.com/axios/-/axios-0.21.2.tgz#21297d5084b2aeeb422f5d38e7be4fbb82239017"
  dependencies:
    follow-redirects "^1.14.0"

before-after-hook@^2.2.0:
  version "2.2.1"
  resolved "https://registry.npmjs.org/before-after-hook/-/before-after-hook-2.2.1.tgz"

bowser@^2.11.0:
  version "2.11.0"
  resolved "https://registry.npmjs.org/bowser/-/bowser-2.11.0.tgz"

deprecation@^2.0.0, deprecation@^2.3.1:
  version "2.3.1"
  resolved "https://registry.npmjs.org/deprecation/-/deprecation-2.3.1.tgz"

fast-xml-parser@3.19.0:
  version "3.19.0"
  resolved "https://registry.npmjs.org/fast-xml-parser/-/fast-xml-parser-3.19.0.tgz"

follow-redirects@^1.14.0:
  version "1.14.8"
  resolved "https://registry.yarnpkg.com/follow-redirects/-/follow-redirects-1.14.8.tgz#016996fb9a11a100566398b1c6839337d7bfa8fc"
  integrity sha512-1x0S9UVJHsQprFcEC/qnNzBLcIxsjAV905f/UkQxbclCsoTWlacCNOpQa/anodLl2uaEKFhfWOvM2Qg77+15zA==

is-plain-object@^5.0.0:
  version "5.0.0"
  resolved "https://registry.npmjs.org/is-plain-object/-/is-plain-object-5.0.0.tgz"

js-yaml@^4.1.0:
  version "4.1.0"
  resolved "https://registry.yarnpkg.com/js-yaml/-/js-yaml-4.1.0.tgz#c1fb65f8f5017901cdd2c951864ba18458a10602"
  integrity sha512-wpxZs9NoxZaJESJGIZTyDEaYpl0FKSA+FB9aJiyemKhMwkxQg63h4T1KJgUGHpTqPDNRcmmYLugrRjJlBtWvRA==
  dependencies:
    argparse "^2.0.1"

node-fetch@^2.6.1:
  version "2.6.1"
  resolved "https://registry.npmjs.org/node-fetch/-/node-fetch-2.6.1.tgz"

once@^1.4.0:
  version "1.4.0"
  resolved "https://registry.npmjs.org/once/-/once-1.4.0.tgz"
  dependencies:
    wrappy "1"

tslib@^1.11.1:
  version "1.14.1"
  resolved "https://registry.npmjs.org/tslib/-/tslib-1.14.1.tgz"

tslib@^2.0.0:
  version "2.2.0"
  resolved "https://registry.npmjs.org/tslib/-/tslib-2.2.0.tgz"

tunnel@0.0.6:
  version "0.0.6"
  resolved "https://registry.npmjs.org/tunnel/-/tunnel-0.0.6.tgz"

universal-user-agent@^6.0.0:
  version "6.0.0"
  resolved "https://registry.npmjs.org/universal-user-agent/-/universal-user-agent-6.0.0.tgz"

uuid@^8.3.2:
  version "8.3.2"
  resolved "https://registry.npmjs.org/uuid/-/uuid-8.3.2.tgz"

wrappy@1:
  version "1.0.2"
  resolved "https://registry.npmjs.org/wrappy/-/wrappy-1.0.2.tgz"
